Microsoft Visual Studio Solution File, Format Version 12.00
# Visual Studio 15
Project("{8BC9CEB8-8B4A-11D0-8D11-00A0C91BC942}") = "ALL_BUILD", "ALL_BUILD.vcxproj", "{6A6DC96D-C5BB-3C0D-88ED-DA11CDFD50DA}"
	ProjectSection(ProjectDependencies) = postProject
		{EFEB7A30-5DAF-380F-9806-9C0BB063203B} = {EFEB7A30-5DAF-380F-9806-9C0BB063203B}
		{B0B8A628-0CE3-362E-87A5-27B24457597A} = {B0B8A628-0CE3-362E-87A5-27B24457597A}
	EndProjectSection
EndProject
Project("{8BC9CEB8-8B4A-11D0-8D11-00A0C91BC942}") = "Way", "Sourse\Way.vcxproj", "{EFEB7A30-5DAF-380F-9806-9C0BB063203B}"
	ProjectSection(ProjectDependencies) = postProject
		{B0B8A628-0CE3-362E-87A5-27B24457597A} = {B0B8A628-0CE3-362E-87A5-27B24457597A}
	EndProjectSection
EndProject
Project("{8BC9CEB8-8B4A-11D0-8D11-00A0C91BC942}") = "ZERO_CHECK", "ZERO_CHECK.vcxproj", "{B0B8A628-0CE3-362E-87A5-27B24457597A}"
	ProjectSection(ProjectDependencies) = postProject
	EndProjectSection
EndProject
Global
	GlobalSection(SolutionConfigurationPlatforms) = preSolution
		Debug|x64 = Debug|x64
		Release|x64 = Release|x64
		MinSizeRel|x64 = MinSizeRel|x64
		RelWithDebInfo|x64 = RelWithDebInfo|x64
	EndGlobalSection
	GlobalSection(ProjectConfigurationPlatforms) = postSolution
		{6A6DC96D-C5BB-3C0D-88ED-DA11CDFD50DA}.Debug|x64.ActiveCfg = Debug|x64
		{6A6DC96D-C5BB-3C0D-88ED-DA11CDFD50DA}.Release|x64.ActiveCfg = Release|x64
		{6A6DC96D-C5BB-3C0D-88ED-DA11CDFD50DA}.MinSizeRel|x64.ActiveCfg = MinSizeRel|x64
		{6A6DC96D-C5BB-3C0D-88ED-DA11CDFD50DA}.RelWithDebInfo|x64.ActiveCfg = RelWithDebInfo|x64
		{EFEB7A30-5DAF-380F-9806-9C0BB063203B}.Debug|x64.ActiveCfg = Debug|x64
		{EFEB7A30-5DAF-380F-9806-9C0BB063203B}.Debug|x64.Build.0 = Debug|x64
		{EFEB7A30-5DAF-380F-9806-9C0BB063203B}.Release|x64.ActiveCfg = Release|x64
		{EFEB7A30-5DAF-380F-9806-9C0BB063203B}.Release|x64.Build.0 = Release|x64
		{EFEB7A30-5DAF-380F-9806-9C0BB063203B}.MinSizeRel|x64.ActiveCfg = MinSizeRel|x64
		{EFEB7A30-5DAF-380F-9806-9C0BB063203B}.MinSizeRel|x64.Build.0 = MinSizeRel|x64
		{EFEB7A30-5DAF-380F-9806-9C0BB063203B}.RelWithDebInfo|x64.ActiveCfg = RelWithDebInfo|x64
		{EFEB7A30-5DAF-380F-9806-9C0BB063203B}.RelWithDebInfo|x64.Build.0 = RelWithDebInfo|x64
		{B0B8A628-0CE3-362E-87A5-27B24457597A}.Debug|x64.ActiveCfg = Debug|x64
		{B0B8A628-0CE3-362E-87A5-27B24457597A}.Debug|x64.Build.0 = Debug|x64
		{B0B8A628-0CE3-362E-87A5-27B24457597A}.Release|x64.ActiveCfg = Release|x64
		{B0B8A628-0CE3-362E-87A5-27B24457597A}.Release|x64.Build.0 = Release|x64
		{B0B8A628-0CE3-362E-87A5-27B24457597A}.MinSizeRel|x64.ActiveCfg = MinSizeRel|x64
		{B0B8A628-0CE3-362E-87A5-27B24457597A}.MinSizeRel|x64.Build.0 = MinSizeRel|x64
		{B0B8A628-0CE3-362E-87A5-27B24457597A}.RelWithDebInfo|x64.ActiveCfg = RelWithDebInfo|x64
		{B0B8A628-0CE3-362E-87A5-27B24457597A}.RelWithDebInfo|x64.Build.0 = RelWithDebInfo|x64
	EndGlobalSection
	GlobalSection(ExtensibilityGlobals) = postSolution
		SolutionGuid = {FC4022B7-C91F-33DC-878C-8178E7E36117}
	EndGlobalSection
	GlobalSection(ExtensibilityAddIns) = postSolution
	EndGlobalSection
EndGlobal
